
Microsoft Visual Studio Solution File, Format Version 12.00
# Visual Studio Version 17
VisualStudioVersion = 17.8.34525.116
MinimumVisualStudioVersion = 10.0.40219.1
Project("{FAE04EC0-301F-11D3-BF4B-00C04F79EFBC}") = "PresentationLayer", "PresentationLayer\PresentationLayer.csproj", "{C227068E-FA53-46F9-B888-B42C613A9403}"
EndProject
Project("{FAE04EC0-301F-11D3-BF4B-00C04F79EFBC}") = "DataAccessLayer", "DataAccessLayer\DataAccessLayer.csproj", "{45C7EA06-2AFB-437E-BEA0-159B01B06919}"
EndProject
Project("{FAE04EC0-301F-11D3-BF4B-00C04F79EFBC}") = "BusinessLogicLayer", "BusinessLogicLayer\BusinessLogicLayer.csproj", "{CDD0E578-1C09-4927-93FF-6B3C438D39D4}"
EndProject
Global
	GlobalSection(SolutionConfigurationPlatforms) = preSolution
		Debug|Any CPU = Debug|Any CPU
		Release|Any CPU = Release|Any CPU
	EndGlobalSection
	GlobalSection(ProjectConfigurationPlatforms) = postSolution
		{C227068E-FA53-46F9-B888-B42C613A9403}.Debug|Any CPU.ActiveCfg = Debug|Any CPU
		{C227068E-FA53-46F9-B888-B42C613A9403}.Debug|Any CPU.Build.0 = Debug|Any CPU
		{C227068E-FA53-46F9-B888-B42C613A9403}.Release|Any CPU.ActiveCfg = Release|Any CPU
		{C227068E-FA53-46F9-B888-B42C613A9403}.Release|Any CPU.Build.0 = Release|Any CPU
		{45C7EA06-2AFB-437E-BEA0-159B01B06919}.Debug|Any CPU.ActiveCfg = Debug|Any CPU
		{45C7EA06-2AFB-437E-BEA0-159B01B06919}.Debug|Any CPU.Build.0 = Debug|Any CPU
		{45C7EA06-2AFB-437E-BEA0-159B01B06919}.Release|Any CPU.ActiveCfg = Release|Any CPU
		{45C7EA06-2AFB-437E-BEA0-159B01B06919}.Release|Any CPU.Build.0 = Release|Any CPU
		{CDD0E578-1C09-4927-93FF-6B3C438D39D4}.Debug|Any CPU.ActiveCfg = Debug|Any CPU
		{CDD0E578-1C09-4927-93FF-6B3C438D39D4}.Debug|Any CPU.Build.0 = Debug|Any CPU
		{CDD0E578-1C09-4927-93FF-6B3C438D39D4}.Release|Any CPU.ActiveCfg = Release|Any CPU
		{CDD0E578-1C09-4927-93FF-6B3C438D39D4}.Release|Any CPU.Build.0 = Release|Any CPU
	EndGlobalSection
	GlobalSection(SolutionProperties) = preSolution
		HideSolutionNode = FALSE
	EndGlobalSection
	GlobalSection(ExtensibilityGlobals) = postSolution
		SolutionGuid = {D363FCD9-E972-4F44-A4C5-F3A904AA3597}
	EndGlobalSection
EndGlobal
